
Microsoft Visual Studio Solution File, Format Version 12.00
# Visual Studio Version 17
VisualStudioVersion = 17.13.35818.85 d17.13
MinimumVisualStudioVersion = 10.0.40219.1
Project("{FAE04EC0-301F-11D3-BF4B-00C04F79EFBC}") = "RandoLinQ", "RandoLinQ\RandoLinQ.csproj", "{DBBAE7D9-02AC-42F9-B33C-32C7939AC1FF}"
EndProject
Global
	GlobalSection(SolutionConfigurationPlatforms) = preSolution
		Debug|Any CPU = Debug|Any CPU
		Release|Any CPU = Release|Any CPU
	EndGlobalSection
	GlobalSection(ProjectConfigurationPlatforms) = postSolution
		{DBBAE7D9-02AC-42F9-B33C-32C7939AC1FF}.Debug|Any CPU.ActiveCfg = Debug|Any CPU
		{DBBAE7D9-02AC-42F9-B33C-32C7939AC1FF}.Debug|Any CPU.Build.0 = Debug|Any CPU
		{DBBAE7D9-02AC-42F9-B33C-32C7939AC1FF}.Release|Any CPU.ActiveCfg = Release|Any CPU
		{DBBAE7D9-02AC-42F9-B33C-32C7939AC1FF}.Release|Any CPU.Build.0 = Release|Any CPU
	EndGlobalSection
	GlobalSection(SolutionProperties) = preSolution
		HideSolutionNode = FALSE
	EndGlobalSection
	GlobalSection(ExtensibilityGlobals) = postSolution
		SolutionGuid = {2604ED04-2E42-46CB-88EF-8254781DA45A}
	EndGlobalSection
EndGlobal
